
Microsoft Visual Studio Solution File, Format Version 12.00
# Visual Studio Version 16
VisualStudioVersion = 16.0.29418.71
MinimumVisualStudioVersion = 10.0.40219.1
Project("{FAE04EC0-301F-11D3-BF4B-00C04F79EFBC}") = "DotNetStandardDemo.CoreConsole", "DotNetStandardDemo.CoreConsole\DotNetStandardDemo.CoreConsole.csproj", "{7E9FEA5D-E47D-48C5-87C6-C2B0412CB05F}"
EndProject
Project("{FAE04EC0-301F-11D3-BF4B-00C04F79EFBC}") = "DotNetStandardDemo.StandardLibrary", "DotNetStandardDemo.StandardLibrary\DotNetStandardDemo.StandardLibrary.csproj", "{82B8F48E-FA10-4248-8A26-4574C26EAE62}"
EndProject
Project("{FAE04EC0-301F-11D3-BF4B-00C04F79EFBC}") = "DotNetStandardDemo.FrameworkConsole", "DotNetStandardDemo.FrameworkConsole\DotNetStandardDemo.FrameworkConsole.csproj", "{6E511654-E5C5-425B-A6C8-62F9A56FC878}"
EndProject
Global
	GlobalSection(SolutionConfigurationPlatforms) = preSolution
		Debug|Any CPU = Debug|Any CPU
		Release|Any CPU = Release|Any CPU
	EndGlobalSection
	GlobalSection(ProjectConfigurationPlatforms) = postSolution
		{7E9FEA5D-E47D-48C5-87C6-C2B0412CB05F}.Debug|Any CPU.ActiveCfg = Debug|Any CPU
		{7E9FEA5D-E47D-48C5-87C6-C2B0412CB05F}.Debug|Any CPU.Build.0 = Debug|Any CPU
		{7E9FEA5D-E47D-48C5-87C6-C2B0412CB05F}.Release|Any CPU.ActiveCfg = Release|Any CPU
		{7E9FEA5D-E47D-48C5-87C6-C2B0412CB05F}.Release|Any CPU.Build.0 = Release|Any CPU
		{82B8F48E-FA10-4248-8A26-4574C26EAE62}.Debug|Any CPU.ActiveCfg = Debug|Any CPU
		{82B8F48E-FA10-4248-8A26-4574C26EAE62}.Debug|Any CPU.Build.0 = Debug|Any CPU
		{82B8F48E-FA10-4248-8A26-4574C26EAE62}.Release|Any CPU.ActiveCfg = Release|Any CPU
		{82B8F48E-FA10-4248-8A26-4574C26EAE62}.Release|Any CPU.Build.0 = Release|Any CPU
		{6E511654-E5C5-425B-A6C8-62F9A56FC878}.Debug|Any CPU.ActiveCfg = Debug|Any CPU
		{6E511654-E5C5-425B-A6C8-62F9A56FC878}.Debug|Any CPU.Build.0 = Debug|Any CPU
		{6E511654-E5C5-425B-A6C8-62F9A56FC878}.Release|Any CPU.ActiveCfg = Release|Any CPU
		{6E511654-E5C5-425B-A6C8-62F9A56FC878}.Release|Any CPU.Build.0 = Release|Any CPU
	EndGlobalSection
	GlobalSection(SolutionProperties) = preSolution
		HideSolutionNode = FALSE
	EndGlobalSection
	GlobalSection(ExtensibilityGlobals) = postSolution
		SolutionGuid = {55C19863-9D45-4E80-9F8A-8CF8E7607377}
	EndGlobalSection
EndGlobal
